
Microsoft Visual Studio Solution File, Format Version 12.00
# Visual Studio Version 17
VisualStudioVersion = 17.9.34622.214
MinimumVisualStudioVersion = 10.0.40219.1
Project("{8BC9CEB8-8B4A-11D0-8D11-00A0C91BC942}") = "BinarySearchTree_0007", "BinarySearchTree_0007\BinarySearchTree_0007.vcxproj", "{4472423F-FE6B-401B-8175-35B0D072973A}"
EndProject
Global
	GlobalSection(SolutionConfigurationPlatforms) = preSolution
		Debug|x64 = Debug|x64
		Debug|x86 = Debug|x86
		Release|x64 = Release|x64
		Release|x86 = Release|x86
	EndGlobalSection
	GlobalSection(ProjectConfigurationPlatforms) = postSolution
		{4472423F-FE6B-401B-8175-35B0D072973A}.Debug|x64.ActiveCfg = Debug|x64
		{4472423F-FE6B-401B-8175-35B0D072973A}.Debug|x64.Build.0 = Debug|x64
		{4472423F-FE6B-401B-8175-35B0D072973A}.Debug|x86.ActiveCfg = Debug|Win32
		{4472423F-FE6B-401B-8175-35B0D072973A}.Debug|x86.Build.0 = Debug|Win32
		{4472423F-FE6B-401B-8175-35B0D072973A}.Release|x64.ActiveCfg = Release|x64
		{4472423F-FE6B-401B-8175-35B0D072973A}.Release|x64.Build.0 = Release|x64
		{4472423F-FE6B-401B-8175-35B0D072973A}.Release|x86.ActiveCfg = Release|Win32
		{4472423F-FE6B-401B-8175-35B0D072973A}.Release|x86.Build.0 = Release|Win32
	EndGlobalSection
	GlobalSection(SolutionProperties) = preSolution
		HideSolutionNode = FALSE
	EndGlobalSection
	GlobalSection(ExtensibilityGlobals) = postSolution
		SolutionGuid = {CAFD4E36-3F9B-4934-8C44-A577F79907B0}
	EndGlobalSection
EndGlobal
